
Microsoft Visual Studio Solution File, Format Version 12.00
Project("{FAE04EC0-301F-11D3-BF4B-00C04F79EFBC}") = "MVGL.FileLoader.Reloaded", "MVGL.FileLoader.Reloaded\MVGL.FileLoader.Reloaded.csproj", "{288EEDA3-F0B7-4403-B701-EDB277BE9585}"
EndProject
Project("{FAE04EC0-301F-11D3-BF4B-00C04F79EFBC}") = "MVGL.FileLoader.Interfaces", "MVGL.FileLoader.Interfaces\MVGL.FileLoader.Interfaces.csproj", "{5D17FB25-2B1C-4F9D-B129-E5F525F2DD2F}"
EndProject
Project("{FAE04EC0-301F-11D3-BF4B-00C04F79EFBC}") = "MVLibraryNET.Definitions", "submodules\MVLibraryNET\MVLibraryNET.Definitions\MVLibraryNET.Definitions.csproj", "{EBA7E2F7-E1B0-471B-845D-189F78BAAE37}"
EndProject
Project("{FAE04EC0-301F-11D3-BF4B-00C04F79EFBC}") = "MVLibraryNET", "submodules\MVLibraryNET\MVLibraryNET\MVLibraryNET.csproj", "{205015AE-C173-4ECB-AA31-57192645D076}"
EndProject
Global
	GlobalSection(SolutionConfigurationPlatforms) = preSolution
		Debug|Any CPU = Debug|Any CPU
		Release|Any CPU = Release|Any CPU
	EndGlobalSection
	GlobalSection(ProjectConfigurationPlatforms) = postSolution
		{288EEDA3-F0B7-4403-B701-EDB277BE9585}.Debug|Any CPU.ActiveCfg = Debug|Any CPU
		{288EEDA3-F0B7-4403-B701-EDB277BE9585}.Debug|Any CPU.Build.0 = Debug|Any CPU
		{288EEDA3-F0B7-4403-B701-EDB277BE9585}.Release|Any CPU.ActiveCfg = Release|Any CPU
		{288EEDA3-F0B7-4403-B701-EDB277BE9585}.Release|Any CPU.Build.0 = Release|Any CPU
		{5D17FB25-2B1C-4F9D-B129-E5F525F2DD2F}.Debug|Any CPU.ActiveCfg = Debug|Any CPU
		{5D17FB25-2B1C-4F9D-B129-E5F525F2DD2F}.Debug|Any CPU.Build.0 = Debug|Any CPU
		{5D17FB25-2B1C-4F9D-B129-E5F525F2DD2F}.Release|Any CPU.ActiveCfg = Release|Any CPU
		{5D17FB25-2B1C-4F9D-B129-E5F525F2DD2F}.Release|Any CPU.Build.0 = Release|Any CPU
		{EBA7E2F7-E1B0-471B-845D-189F78BAAE37}.Debug|Any CPU.ActiveCfg = Debug|Any CPU
		{EBA7E2F7-E1B0-471B-845D-189F78BAAE37}.Debug|Any CPU.Build.0 = Debug|Any CPU
		{EBA7E2F7-E1B0-471B-845D-189F78BAAE37}.Release|Any CPU.ActiveCfg = Release|Any CPU
		{EBA7E2F7-E1B0-471B-845D-189F78BAAE37}.Release|Any CPU.Build.0 = Release|Any CPU
		{205015AE-C173-4ECB-AA31-57192645D076}.Debug|Any CPU.ActiveCfg = Debug|Any CPU
		{205015AE-C173-4ECB-AA31-57192645D076}.Debug|Any CPU.Build.0 = Debug|Any CPU
		{205015AE-C173-4ECB-AA31-57192645D076}.Release|Any CPU.ActiveCfg = Release|Any CPU
		{205015AE-C173-4ECB-AA31-57192645D076}.Release|Any CPU.Build.0 = Release|Any CPU
	EndGlobalSection
EndGlobal
